// !$*UTF8*$!
{
	archiveVersion = 1;
	classes = {
	};
	objectVersion = 77;
	objects = {

/* Begin PBXBuildFile section */
		0A3274B2F943CD8533CB9045 /* Impression.swift in Sources */ = {isa = PBXBuildFile; fileRef = 666FC2B72286F74F4C24D572 /* Impression.swift */; };
		120EC309BA306CE6E6D8945A /* ReceiptOCRService.swift in Sources */ = {isa = PBXBuildFile; fileRef = 3D4937D12871DBA96EC0080A /* ReceiptOCRService.swift */; };
		1E90B27D12EC7151AB9754B9 /* NearbyPlaceSearchViewModel.swift in Sources */ = {isa = PBXBuildFile; fileRef = A8A78EDFF96FB31A932C7348 /* NearbyPlaceSearchViewModel.swift */; };
		1FC077830298113EAAE6772D /* Assets.xcassets in Resources */ = {isa = PBXBuildFile; fileRef = 576AD7B9FB5662F70C2309B0 /* Assets.xcassets */; };
		21CFE5444BB264190EEA4976 /* TimelineView.swift in Sources */ = {isa = PBXBuildFile; fileRef = A759EFB5F5AC03FC93FE4BBA /* TimelineView.swift */; };
		25F05428AC7C95D02C44BB49 /* InfoPlist.strings in Resources */ = {isa = PBXBuildFile; fileRef = CB0FC361AA0CAFD0D6AA13FB /* InfoPlist.strings */; };
		27FC7C811856B4E27FC465D0 /* GoogleMapsURLParser.swift in Sources */ = {isa = PBXBuildFile; fileRef = 870ADC437ABFFD093850C7DE /* GoogleMapsURLParser.swift */; };
		32343DED85511EE9E5B04853 /* AddLogView.swift in Sources */ = {isa = PBXBuildFile; fileRef = F9B4E6435C27F762D1A4839B /* AddLogView.swift */; };
		35C11F1BB6411DCFAE2C0819 /* Localizable.strings in Resources */ = {isa = PBXBuildFile; fileRef = 87D9091D868F3706B415ADF3 /* Localizable.strings */; };
		3864B3AD04AE17B58E91DA89 /* LocationService.swift in Sources */ = {isa = PBXBuildFile; fileRef = 941BE82402C5358C73FBED28 /* LocationService.swift */; };
		3E1011AE392BAB1C0D1ED7E6 /* PlaceInfoParser.swift in Sources */ = {isa = PBXBuildFile; fileRef = 7551AC8FBEF503EE2FA99F6A /* PlaceInfoParser.swift */; };
		42EECF3CB32FAC9369107FE2 /* LogDetailView.swift in Sources */ = {isa = PBXBuildFile; fileRef = 60C903C5B34B24BEF0E20848 /* LogDetailView.swift */; };
		4559B2E769CE54552CFE7673 /* AppState.swift in Sources */ = {isa = PBXBuildFile; fileRef = B0FB05AC360C02647FB971EF /* AppState.swift */; };
		45CC18B528F13C5431DBF469 /* URLResolver.swift in Sources */ = {isa = PBXBuildFile; fileRef = F666324FCD38094ABB9E653A /* URLResolver.swift */; };
		4A1D797B3B7BB810CE71593A /* PhotoLoader.swift in Sources */ = {isa = PBXBuildFile; fileRef = 98DF275D2CC1950512E650D1 /* PhotoLoader.swift */; };
		51C10276D084B58DF272292D /* DatePatterns.swift in Sources */ = {isa = PBXBuildFile; fileRef = 374E3CD6ACA492A97CF31B96 /* DatePatterns.swift */; };
		56786DF1B7246493A22D1024 /* Category.swift in Sources */ = {isa = PBXBuildFile; fileRef = 3FFD041039AB355CACE60961 /* Category.swift */; };
		5679627603BF77540B28B3EE /* RatingView.swift in Sources */ = {isa = PBXBuildFile; fileRef = C45ABDA19133E8310C30E61F /* RatingView.swift */; };
		5EFE4F2ADFA565979A4F0822 /* String+Localized.swift in Sources */ = {isa = PBXBuildFile; fileRef = F3A0095513B42035E2D11DF6 /* String+Localized.swift */; };
		5F1BCAD7AF7FE103E5540417 /* CopyButton.swift in Sources */ = {isa = PBXBuildFile; fileRef = 451C65EF711D2EFDE51C3C2D /* CopyButton.swift */; };
		7062D412A514F0DD53687EE9 /* CategoryBadge.swift in Sources */ = {isa = PBXBuildFile; fileRef = 152F525CF37735753CED0AD1 /* CategoryBadge.swift */; };
		71D691E0A88CF6C8B641828E /* DesignTokens.swift in Sources */ = {isa = PBXBuildFile; fileRef = EB446C090763F291E520E745 /* DesignTokens.swift */; };
		720841E2BDFE52786A5ABB88 /* ExportModels.swift in Sources */ = {isa = PBXBuildFile; fileRef = 7F954A722EF4AE0762C9F2D0 /* ExportModels.swift */; };
		77818FF681DD98CED153F9B3 /* EditLogView.swift in Sources */ = {isa = PBXBuildFile; fileRef = 281485DB67B78603696B5DE8 /* EditLogView.swift */; };
		799E96FC0E845C69A7935BBF /* SettingsView.swift in Sources */ = {isa = PBXBuildFile; fileRef = 754E6767F73066E451E434A1 /* SettingsView.swift */; };
		7BF080878E3409A712B19025 /* View+DynamicFont.swift in Sources */ = {isa = PBXBuildFile; fileRef = D6EE9C6EE9A677041D426227 /* View+DynamicFont.swift */; };
		82A84474A02C4A25BAF9B894 /* LanguageSettingsView.swift in Sources */ = {isa = PBXBuildFile; fileRef = F2F599CA7C7D3ADB07B4C319 /* LanguageSettingsView.swift */; };
		8774F399C6E9CB485A6483E4 /* LogRowView.swift in Sources */ = {isa = PBXBuildFile; fileRef = E29451CEED2A57AE215115E6 /* LogRowView.swift */; };
		8D25513220BA3FD5531B63F9 /* NearbyPlaceSearchView.swift in Sources */ = {isa = PBXBuildFile; fileRef = AA319BC3DF8EBBB0A9842719 /* NearbyPlaceSearchView.swift */; };
		90C53E5E6DFC607BAAC59CC5 /* CameraView.swift in Sources */ = {isa = PBXBuildFile; fileRef = D50F69331DFDDA983A22EEA1 /* CameraView.swift */; };
		90C7FAB19A67FD643D6F5CCA /* View+FormSection.swift in Sources */ = {isa = PBXBuildFile; fileRef = 6B5F10CE6CAF1A366E7669A3 /* View+FormSection.swift */; };
		93583142DA0457A833ED366A /* ExportView.swift in Sources */ = {isa = PBXBuildFile; fileRef = 1BD95E6498A022D8A9B4FE89 /* ExportView.swift */; };
		96901E0933E1A6EE51428C60 /* PlaceAnnotationView.swift in Sources */ = {isa = PBXBuildFile; fileRef = 0976931A33BB05A167DE79FF /* PlaceAnnotationView.swift */; };
		9BFC780A54805D5908DBF285 /* ZIPFoundation in Frameworks */ = {isa = PBXBuildFile; productRef = 277B0AAE2515E808C514A9A9 /* ZIPFoundation */; };
		9E61070800FBB2ABBADE3A1C /* FullTextEditorSheet.swift in Sources */ = {isa = PBXBuildFile; fileRef = 6E8FA52E03C00E9AD0ECB12F /* FullTextEditorSheet.swift */; };
		A11CF3CE9BB7AF991579C662 /* PhotoAttachment.swift in Sources */ = {isa = PBXBuildFile; fileRef = D9775562E2E74E1C998A5962 /* PhotoAttachment.swift */; };
		AC74FD50D75320778601AB0C /* LogListView.swift in Sources */ = {isa = PBXBuildFile; fileRef = BC8C5064A3FEB84558B7AA5B /* LogListView.swift */; };
		AE21E142D90D4F532CFE737B /* MapTabView.swift in Sources */ = {isa = PBXBuildFile; fileRef = 432C98D3422E5D65B7A5BF59 /* MapTabView.swift */; };
		BD6FDB164A12C609043DF8D4 /* PlaceLog.swift in Sources */ = {isa = PBXBuildFile; fileRef = 85CCCC0C27807F252CBABEA2 /* PlaceLog.swift */; };
		C160F7C31FA73BF2A05A53A4 /* PhotoViewerSheet.swift in Sources */ = {isa = PBXBuildFile; fileRef = 99DFB369E2E09FD38BB53B4E /* PhotoViewerSheet.swift */; };
		C2AB66AFE61437A01F481B72 /* ColorExtensions.swift in Sources */ = {isa = PBXBuildFile; fileRef = DB18F7175A03FAAA6EF01729 /* ColorExtensions.swift */; };
		C33FFA2310910CC66EC83E34 /* ExportService.swift in Sources */ = {isa = PBXBuildFile; fileRef = 55581B518F03132E06DCCCA0 /* ExportService.swift */; };
		C3FBA65F89B99E31595DC6FB /* AppLanguage.swift in Sources */ = {isa = PBXBuildFile; fileRef = 6B383E8FB41841A42082CC34 /* AppLanguage.swift */; };
		C947CB45F31A0C7268B87D14 /* MoguMapApp.swift in Sources */ = {isa = PBXBuildFile; fileRef = 3A4FA84990AE3E4D5F390D09 /* MoguMapApp.swift */; };
		CD9FEF16ABC389A84196D055 /* ReceiptBadge.swift in Sources */ = {isa = PBXBuildFile; fileRef = B38CFE0416E3103520B3BAA1 /* ReceiptBadge.swift */; };
		DABDB878C65D22A44FEE4C69 /* StatusBarView.swift in Sources */ = {isa = PBXBuildFile; fileRef = 90C656297B871EBFB3CB3A60 /* StatusBarView.swift */; };
		E97C21E045A35214941F45CB /* ContentView.swift in Sources */ = {isa = PBXBuildFile; fileRef = 29347C95BD190E333F1007D1 /* ContentView.swift */; };
		ED7E0BBF6130097E3FF0346A /* CLPlacemark+Address.swift in Sources */ = {isa = PBXBuildFile; fileRef = D2BE6CE56C0B411AC16BF654 /* CLPlacemark+Address.swift */; };
		EECFB2C4767F5A202B47AB31 /* GoogleMapsLauncher.swift in Sources */ = {isa = PBXBuildFile; fileRef = BC7E0C933D161CA9581E62F9 /* GoogleMapsLauncher.swift */; };
		F58E8BCE00B56FD276EDD956 /* PhotoGridView.swift in Sources */ = {isa = PBXBuildFile; fileRef = 4041ACB02CD04EED61CB858B /* PhotoGridView.swift */; };
		F9E93246CDD337A066E6451D /* View+Keyboard.swift in Sources */ = {isa = PBXBuildFile; fileRef = D040F1A7ED8814552BE393BC /* View+Keyboard.swift */; };
/* End PBXBuildFile section */

/* Begin PBXFileReference section */
		0976931A33BB05A167DE79FF /* PlaceAnnotationView.swift */ = {isa = PBXFileReference; lastKnownFileType = sourcecode.swift; path = PlaceAnnotationView.swift; sourceTree = "<group>"; };
		10C915AF7FBE37F1AE358FB7 /* ja */ = {isa = PBXFileReference; lastKnownFileType = text.plist.strings; name = ja; path = ja.lproj/InfoPlist.strings; sourceTree = "<group>"; };
		152F525CF37735753CED0AD1 /* CategoryBadge.swift */ = {isa = PBXFileReference; lastKnownFileType = sourcecode.swift; path = CategoryBadge.swift; sourceTree = "<group>"; };
		1BD95E6498A022D8A9B4FE89 /* ExportView.swift */ = {isa = PBXFileReference; lastKnownFileType = sourcecode.swift; path = ExportView.swift; sourceTree = "<group>"; };
		281485DB67B78603696B5DE8 /* EditLogView.swift */ = {isa = PBXFileReference; lastKnownFileType = sourcecode.swift; path = EditLogView.swift; sourceTree = "<group>"; };
		29347C95BD190E333F1007D1 /* ContentView.swift */ = {isa = PBXFileReference; lastKnownFileType = sourcecode.swift; path = ContentView.swift; sourceTree = "<group>"; };
		374E3CD6ACA492A97CF31B96 /* DatePatterns.swift */ = {isa = PBXFileReference; lastKnownFileType = sourcecode.swift; path = DatePatterns.swift; sourceTree = "<group>"; };
		3A4FA84990AE3E4D5F390D09 /* MoguMapApp.swift */ = {isa = PBXFileReference; lastKnownFileType = sourcecode.swift; path = MoguMapApp.swift; sourceTree = "<group>"; };
		3D4937D12871DBA96EC0080A /* ReceiptOCRService.swift */ = {isa = PBXFileReference; lastKnownFileType = sourcecode.swift; path = ReceiptOCRService.swift; sourceTree = "<group>"; };
		3FFD041039AB355CACE60961 /* Category.swift */ = {isa = PBXFileReference; lastKnownFileType = sourcecode.swift; path = Category.swift; sourceTree = "<group>"; };
		4041ACB02CD04EED61CB858B /* PhotoGridView.swift */ = {isa = PBXFileReference; lastKnownFileType = sourcecode.swift; path = PhotoGridView.swift; sourceTree = "<group>"; };
		432C98D3422E5D65B7A5BF59 /* MapTabView.swift */ = {isa = PBXFileReference; lastKnownFileType = sourcecode.swift; path = MapTabView.swift; sourceTree = "<group>"; };
		451C65EF711D2EFDE51C3C2D /* CopyButton.swift */ = {isa = PBXFileReference; lastKnownFileType = sourcecode.swift; path = CopyButton.swift; sourceTree = "<group>"; };
		55581B518F03132E06DCCCA0 /* ExportService.swift */ = {isa = PBXFileReference; lastKnownFileType = sourcecode.swift; path = ExportService.swift; sourceTree = "<group>"; };
		576AD7B9FB5662F70C2309B0 /* Assets.xcassets */ = {isa = PBXFileReference; lastKnownFileType = folder.assetcatalog; path = Assets.xcassets; sourceTree = "<group>"; };
		5BB6A6D80DB93E3653FD5486 /* en */ = {isa = PBXFileReference; lastKnownFileType = text.plist.strings; name = en; path = en.lproj/InfoPlist.strings; sourceTree = "<group>"; };
		60C903C5B34B24BEF0E20848 /* LogDetailView.swift */ = {isa = PBXFileReference; lastKnownFileType = sourcecode.swift; path = LogDetailView.swift; sourceTree = "<group>"; };
		666FC2B72286F74F4C24D572 /* Impression.swift */ = {isa = PBXFileReference; lastKnownFileType = sourcecode.swift; path = Impression.swift; sourceTree = "<group>"; };
		6B383E8FB41841A42082CC34 /* AppLanguage.swift */ = {isa = PBXFileReference; lastKnownFileType = sourcecode.swift; path = AppLanguage.swift; sourceTree = "<group>"; };
		6B5F10CE6CAF1A366E7669A3 /* View+FormSection.swift */ = {isa = PBXFileReference; lastKnownFileType = sourcecode.swift; path = "View+FormSection.swift"; sourceTree = "<group>"; };
		6E8FA52E03C00E9AD0ECB12F /* FullTextEditorSheet.swift */ = {isa = PBXFileReference; lastKnownFileType = sourcecode.swift; path = FullTextEditorSheet.swift; sourceTree = "<group>"; };
		754E6767F73066E451E434A1 /* SettingsView.swift */ = {isa = PBXFileReference; lastKnownFileType = sourcecode.swift; path = SettingsView.swift; sourceTree = "<group>"; };
		7551AC8FBEF503EE2FA99F6A /* PlaceInfoParser.swift */ = {isa = PBXFileReference; lastKnownFileType = sourcecode.swift; path = PlaceInfoParser.swift; sourceTree = "<group>"; };
		7F954A722EF4AE0762C9F2D0 /* ExportModels.swift */ = {isa = PBXFileReference; lastKnownFileType = sourcecode.swift; path = ExportModels.swift; sourceTree = "<group>"; };
		85CCCC0C27807F252CBABEA2 /* PlaceLog.swift */ = {isa = PBXFileReference; lastKnownFileType = sourcecode.swift; path = PlaceLog.swift; sourceTree = "<group>"; };
		870ADC437ABFFD093850C7DE /* GoogleMapsURLParser.swift */ = {isa = PBXFileReference; lastKnownFileType = sourcecode.swift; path = GoogleMapsURLParser.swift; sourceTree = "<group>"; };
		8A9A983E0C094EE5281B006E /* ja */ = {isa = PBXFileReference; lastKnownFileType = text.plist.strings; name = ja; path = ja.lproj/Localizable.strings; sourceTree = "<group>"; };
		8C229914A5E0CBE8F9CBE46A /* en */ = {isa = PBXFileReference; lastKnownFileType = text.plist.strings; name = en; path = en.lproj/Localizable.strings; sourceTree = "<group>"; };
		90C656297B871EBFB3CB3A60 /* StatusBarView.swift */ = {isa = PBXFileReference; lastKnownFileType = sourcecode.swift; path = StatusBarView.swift; sourceTree = "<group>"; };
		941BE82402C5358C73FBED28 /* LocationService.swift */ = {isa = PBXFileReference; lastKnownFileType = sourcecode.swift; path = LocationService.swift; sourceTree = "<group>"; };
		98DF275D2CC1950512E650D1 /* PhotoLoader.swift */ = {isa = PBXFileReference; lastKnownFileType = sourcecode.swift; path = PhotoLoader.swift; sourceTree = "<group>"; };
		99DFB369E2E09FD38BB53B4E /* PhotoViewerSheet.swift */ = {isa = PBXFileReference; lastKnownFileType = sourcecode.swift; path = PhotoViewerSheet.swift; sourceTree = "<group>"; };
		A759EFB5F5AC03FC93FE4BBA /* TimelineView.swift */ = {isa = PBXFileReference; lastKnownFileType = sourcecode.swift; path = TimelineView.swift; sourceTree = "<group>"; };
		A8A78EDFF96FB31A932C7348 /* NearbyPlaceSearchViewModel.swift */ = {isa = PBXFileReference; lastKnownFileType = sourcecode.swift; path = NearbyPlaceSearchViewModel.swift; sourceTree = "<group>"; };
		AA319BC3DF8EBBB0A9842719 /* NearbyPlaceSearchView.swift */ = {isa = PBXFileReference; lastKnownFileType = sourcecode.swift; path = NearbyPlaceSearchView.swift; sourceTree = "<group>"; };
		B0FB05AC360C02647FB971EF /* AppState.swift */ = {isa = PBXFileReference; lastKnownFileType = sourcecode.swift; path = AppState.swift; sourceTree = "<group>"; };
		B38CFE0416E3103520B3BAA1 /* ReceiptBadge.swift */ = {isa = PBXFileReference; lastKnownFileType = sourcecode.swift; path = ReceiptBadge.swift; sourceTree = "<group>"; };
		BC7E0C933D161CA9581E62F9 /* GoogleMapsLauncher.swift */ = {isa = PBXFileReference; lastKnownFileType = sourcecode.swift; path = GoogleMapsLauncher.swift; sourceTree = "<group>"; };
		BC8C5064A3FEB84558B7AA5B /* LogListView.swift */ = {isa = PBXFileReference; lastKnownFileType = sourcecode.swift; path = LogListView.swift; sourceTree = "<group>"; };
		C45ABDA19133E8310C30E61F /* RatingView.swift */ = {isa = PBXFileReference; lastKnownFileType = sourcecode.swift; path = RatingView.swift; sourceTree = "<group>"; };
		D040F1A7ED8814552BE393BC /* View+Keyboard.swift */ = {isa = PBXFileReference; lastKnownFileType = sourcecode.swift; path = "View+Keyboard.swift"; sourceTree = "<group>"; };
		D2BE6CE56C0B411AC16BF654 /* CLPlacemark+Address.swift */ = {isa = PBXFileReference; lastKnownFileType = sourcecode.swift; path = "CLPlacemark+Address.swift"; sourceTree = "<group>"; };
		D50F69331DFDDA983A22EEA1 /* CameraView.swift */ = {isa = PBXFileReference; lastKnownFileType = sourcecode.swift; path = CameraView.swift; sourceTree = "<group>"; };
		D6EE9C6EE9A677041D426227 /* View+DynamicFont.swift */ = {isa = PBXFileReference; lastKnownFileType = sourcecode.swift; path = "View+DynamicFont.swift"; sourceTree = "<group>"; };
		D9775562E2E74E1C998A5962 /* PhotoAttachment.swift */ = {isa = PBXFileReference; lastKnownFileType = sourcecode.swift; path = PhotoAttachment.swift; sourceTree = "<group>"; };
		DB18F7175A03FAAA6EF01729 /* ColorExtensions.swift */ = {isa = PBXFileReference; lastKnownFileType = sourcecode.swift; path = ColorExtensions.swift; sourceTree = "<group>"; };
		E29451CEED2A57AE215115E6 /* LogRowView.swift */ = {isa = PBXFileReference; lastKnownFileType = sourcecode.swift; path = LogRowView.swift; sourceTree = "<group>"; };
		E9605CEE9D87E7FEF49F25BE /* mogumap.app */ = {isa = PBXFileReference; includeInIndex = 0; lastKnownFileType = wrapper.application; path = mogumap.app; sourceTree = BUILT_PRODUCTS_DIR; };
		EB446C090763F291E520E745 /* DesignTokens.swift */ = {isa = PBXFileReference; lastKnownFileType = sourcecode.swift; path = DesignTokens.swift; sourceTree = "<group>"; };
		F2F599CA7C7D3ADB07B4C319 /* LanguageSettingsView.swift */ = {isa = PBXFileReference; lastKnownFileType = sourcecode.swift; path = LanguageSettingsView.swift; sourceTree = "<group>"; };
		F3A0095513B42035E2D11DF6 /* String+Localized.swift */ = {isa = PBXFileReference; lastKnownFileType = sourcecode.swift; path = "String+Localized.swift"; sourceTree = "<group>"; };
		F3F1A197D3E238894390FC66 /* Info.plist */ = {isa = PBXFileReference; lastKnownFileType = text.plist; path = Info.plist; sourceTree = "<group>"; };
		F666324FCD38094ABB9E653A /* URLResolver.swift */ = {isa = PBXFileReference; lastKnownFileType = sourcecode.swift; path = URLResolver.swift; sourceTree = "<group>"; };
		F9B4E6435C27F762D1A4839B /* AddLogView.swift */ = {isa = PBXFileReference; lastKnownFileType = sourcecode.swift; path = AddLogView.swift; sourceTree = "<group>"; };
/* End PBXFileReference section */

/* Begin PBXFrameworksBuildPhase section */
		72FB1BA111ED1775EB75C99C /* Frameworks */ = {
			isa = PBXFrameworksBuildPhase;
			buildActionMask = 2147483647;
			files = (
				9BFC780A54805D5908DBF285 /* ZIPFoundation in Frameworks */,
			);
			runOnlyForDeploymentPostprocessing = 0;
		};
/* End PBXFrameworksBuildPhase section */

/* Begin PBXGroup section */
		03A37A01EBED28534B6409BE /* Location */ = {
			isa = PBXGroup;
			children = (
				941BE82402C5358C73FBED28 /* LocationService.swift */,
			);
			path = Location;
			sourceTree = "<group>";
		};
		0C5EF1AC61444B02BB2F2224 /* Features */ = {
			isa = PBXGroup;
			children = (
				0E3583F383F4A1B100FAD782 /* AddLog */,
				9EBA07ACA08A50FC18933EB4 /* LogDetail */,
				F6422C1AEECA79E0FCB4A383 /* LogList */,
				DEC8889B344BFD0FCA5D8EBD /* MapTab */,
				4BC693BF9B6C9A4FBD084513 /* Search */,
				1063C30C2C6682F0BA86D403 /* Settings */,
			);
			path = Features;
			sourceTree = "<group>";
		};
		0E3583F383F4A1B100FAD782 /* AddLog */ = {
			isa = PBXGroup;
			children = (
				F9B4E6435C27F762D1A4839B /* AddLogView.swift */,
				AA319BC3DF8EBBB0A9842719 /* NearbyPlaceSearchView.swift */,
				A8A78EDFF96FB31A932C7348 /* NearbyPlaceSearchViewModel.swift */,
			);
			path = AddLog;
			sourceTree = "<group>";
		};
		1063C30C2C6682F0BA86D403 /* Settings */ = {
			isa = PBXGroup;
			children = (
				1BD95E6498A022D8A9B4FE89 /* ExportView.swift */,
				F2F599CA7C7D3ADB07B4C319 /* LanguageSettingsView.swift */,
				754E6767F73066E451E434A1 /* SettingsView.swift */,
			);
			path = Settings;
			sourceTree = "<group>";
		};
		1B7BF89FC79CAEF98859E231 /* Theme */ = {
			isa = PBXGroup;
			children = (
				DB18F7175A03FAAA6EF01729 /* ColorExtensions.swift */,
				EB446C090763F291E520E745 /* DesignTokens.swift */,
			);
			path = Theme;
			sourceTree = "<group>";
		};
		2F53E6FB0E83263577628AA4 = {
			isa = PBXGroup;
			children = (
				92251DB7C6BD8C081E126AFF /* mogumap */,
				6E7CDA1E83D9E602D2F62BB6 /* Products */,
			);
			sourceTree = "<group>";
		};
		4BC693BF9B6C9A4FBD084513 /* Search */ = {
			isa = PBXGroup;
			children = (
				A759EFB5F5AC03FC93FE4BBA /* TimelineView.swift */,
			);
			path = Search;
			sourceTree = "<group>";
		};
		4C26B28F668CCC9E73B5F8CC /* Utilities */ = {
			isa = PBXGroup;
			children = (
				6B383E8FB41841A42082CC34 /* AppLanguage.swift */,
				374E3CD6ACA492A97CF31B96 /* DatePatterns.swift */,
				55581B518F03132E06DCCCA0 /* ExportService.swift */,
				BC7E0C933D161CA9581E62F9 /* GoogleMapsLauncher.swift */,
				870ADC437ABFFD093850C7DE /* GoogleMapsURLParser.swift */,
				98DF275D2CC1950512E650D1 /* PhotoLoader.swift */,
				7551AC8FBEF503EE2FA99F6A /* PlaceInfoParser.swift */,
				3D4937D12871DBA96EC0080A /* ReceiptOCRService.swift */,
				F666324FCD38094ABB9E653A /* URLResolver.swift */,
			);
			path = Utilities;
			sourceTree = "<group>";
		};
		4D9EAE169725B5C2B97CBB4A /* Extensions */ = {
			isa = PBXGroup;
			children = (
				D2BE6CE56C0B411AC16BF654 /* CLPlacemark+Address.swift */,
				F3A0095513B42035E2D11DF6 /* String+Localized.swift */,
				D6EE9C6EE9A677041D426227 /* View+DynamicFont.swift */,
				6B5F10CE6CAF1A366E7669A3 /* View+FormSection.swift */,
				D040F1A7ED8814552BE393BC /* View+Keyboard.swift */,
			);
			path = Extensions;
			sourceTree = "<group>";
		};
		6E7CDA1E83D9E602D2F62BB6 /* Products */ = {
			isa = PBXGroup;
			children = (
				E9605CEE9D87E7FEF49F25BE /* mogumap.app */,
			);
			name = Products;
			sourceTree = "<group>";
		};
		92251DB7C6BD8C081E126AFF /* mogumap */ = {
			isa = PBXGroup;
			children = (
				576AD7B9FB5662F70C2309B0 /* Assets.xcassets */,
				F3F1A197D3E238894390FC66 /* Info.plist */,
				C28E1939303EB44F6222729F /* App */,
				EA488518D1CE0D2EC0899CF0 /* Core */,
				B95C2A559694E5398BD2590B /* DesignSystem */,
				0C5EF1AC61444B02BB2F2224 /* Features */,
				CB0FC361AA0CAFD0D6AA13FB /* InfoPlist.strings */,
				87D9091D868F3706B415ADF3 /* Localizable.strings */,
			);
			path = mogumap;
			sourceTree = "<group>";
		};
		93F42813EB5AAA9BD9294492 /* Models */ = {
			isa = PBXGroup;
			children = (
				3FFD041039AB355CACE60961 /* Category.swift */,
				7F954A722EF4AE0762C9F2D0 /* ExportModels.swift */,
				666FC2B72286F74F4C24D572 /* Impression.swift */,
				D9775562E2E74E1C998A5962 /* PhotoAttachment.swift */,
				85CCCC0C27807F252CBABEA2 /* PlaceLog.swift */,
			);
			path = Models;
			sourceTree = "<group>";
		};
		9EBA07ACA08A50FC18933EB4 /* LogDetail */ = {
			isa = PBXGroup;
			children = (
				281485DB67B78603696B5DE8 /* EditLogView.swift */,
				60C903C5B34B24BEF0E20848 /* LogDetailView.swift */,
			);
			path = LogDetail;
			sourceTree = "<group>";
		};
		B95C2A559694E5398BD2590B /* DesignSystem */ = {
			isa = PBXGroup;
			children = (
				F85A9E3CEB5190C8C427F146 /* Components */,
				4D9EAE169725B5C2B97CBB4A /* Extensions */,
				1B7BF89FC79CAEF98859E231 /* Theme */,
			);
			path = DesignSystem;
			sourceTree = "<group>";
		};
		C28E1939303EB44F6222729F /* App */ = {
			isa = PBXGroup;
			children = (
				B0FB05AC360C02647FB971EF /* AppState.swift */,
				29347C95BD190E333F1007D1 /* ContentView.swift */,
				3A4FA84990AE3E4D5F390D09 /* MoguMapApp.swift */,
			);
			path = App;
			sourceTree = "<group>";
		};
		DEC8889B344BFD0FCA5D8EBD /* MapTab */ = {
			isa = PBXGroup;
			children = (
				432C98D3422E5D65B7A5BF59 /* MapTabView.swift */,
				0976931A33BB05A167DE79FF /* PlaceAnnotationView.swift */,
			);
			path = MapTab;
			sourceTree = "<group>";
		};
		EA488518D1CE0D2EC0899CF0 /* Core */ = {
			isa = PBXGroup;
			children = (
				03A37A01EBED28534B6409BE /* Location */,
				93F42813EB5AAA9BD9294492 /* Models */,
				4C26B28F668CCC9E73B5F8CC /* Utilities */,
			);
			path = Core;
			sourceTree = "<group>";
		};
		F6422C1AEECA79E0FCB4A383 /* LogList */ = {
			isa = PBXGroup;
			children = (
				BC8C5064A3FEB84558B7AA5B /* LogListView.swift */,
				E29451CEED2A57AE215115E6 /* LogRowView.swift */,
			);
			path = LogList;
			sourceTree = "<group>";
		};
		F85A9E3CEB5190C8C427F146 /* Components */ = {
			isa = PBXGroup;
			children = (
				D50F69331DFDDA983A22EEA1 /* CameraView.swift */,
				152F525CF37735753CED0AD1 /* CategoryBadge.swift */,
				451C65EF711D2EFDE51C3C2D /* CopyButton.swift */,
				6E8FA52E03C00E9AD0ECB12F /* FullTextEditorSheet.swift */,
				4041ACB02CD04EED61CB858B /* PhotoGridView.swift */,
				99DFB369E2E09FD38BB53B4E /* PhotoViewerSheet.swift */,
				C45ABDA19133E8310C30E61F /* RatingView.swift */,
				B38CFE0416E3103520B3BAA1 /* ReceiptBadge.swift */,
				90C656297B871EBFB3CB3A60 /* StatusBarView.swift */,
			);
			path = Components;
			sourceTree = "<group>";
		};
/* End PBXGroup section */

/* Begin PBXNativeTarget section */
		466ED43560681D57D153C570 /* mogumap */ = {
			isa = PBXNativeTarget;
			buildConfigurationList = 66D959B672136096280D5F08 /* Build configuration list for PBXNativeTarget "mogumap" */;
			buildPhases = (
				3DC53F0E023413C84D08D6CF /* Sources */,
				930298D96EC3C61397DE564C /* Resources */,
				72FB1BA111ED1775EB75C99C /* Frameworks */,
			);
			buildRules = (
			);
			dependencies = (
			);
			name = mogumap;
			packageProductDependencies = (
				277B0AAE2515E808C514A9A9 /* ZIPFoundation */,
			);
			productName = mogumap;
			productReference = E9605CEE9D87E7FEF49F25BE /* mogumap.app */;
			productType = "com.apple.product-type.application";
		};
/* End PBXNativeTarget section */

/* Begin PBXProject section */
		794772248BF06C6C4A060AF9 /* Project object */ = {
			isa = PBXProject;
			attributes = {
				BuildIndependentTargetsInParallel = YES;
				LastUpgradeCheck = 1600;
				TargetAttributes = {
					466ED43560681D57D153C570 = {
						DevelopmentTeam = ZD854UM35V;
						ProvisioningStyle = Automatic;
					};
				};
			};
			buildConfigurationList = 369BBB33BA119DF8AE9D3114 /* Build configuration list for PBXProject "mogumap" */;
			developmentRegion = en;
			hasScannedForEncodings = 0;
			knownRegions = (
				Base,
				en,
				ja,
			);
			mainGroup = 2F53E6FB0E83263577628AA4;
			minimizedProjectReferenceProxies = 1;
			packageReferences = (
				EE7AE3551DDA4408A29567FA /* XCRemoteSwiftPackageReference "ZIPFoundation" */,
			);
			preferredProjectObjectVersion = 77;
			productRefGroup = 6E7CDA1E83D9E602D2F62BB6 /* Products */;
			projectDirPath = "";
			projectRoot = "";
			targets = (
				466ED43560681D57D153C570 /* mogumap */,
			);
		};
/* End PBXProject section */

/* Begin PBXResourcesBuildPhase section */
		930298D96EC3C61397DE564C /* Resources */ = {
			isa = PBXResourcesBuildPhase;
			buildActionMask = 2147483647;
			files = (
				1FC077830298113EAAE6772D /* Assets.xcassets in Resources */,
				25F05428AC7C95D02C44BB49 /* InfoPlist.strings in Resources */,
				35C11F1BB6411DCFAE2C0819 /* Localizable.strings in Resources */,
			);
			runOnlyForDeploymentPostprocessing = 0;
		};
/* End PBXResourcesBuildPhase section */

/* Begin PBXSourcesBuildPhase section */
		3DC53F0E023413C84D08D6CF /* Sources */ = {
			isa = PBXSourcesBuildPhase;
			buildActionMask = 2147483647;
			files = (
				32343DED85511EE9E5B04853 /* AddLogView.swift in Sources */,
				C3FBA65F89B99E31595DC6FB /* AppLanguage.swift in Sources */,
				4559B2E769CE54552CFE7673 /* AppState.swift in Sources */,
				ED7E0BBF6130097E3FF0346A /* CLPlacemark+Address.swift in Sources */,
				90C53E5E6DFC607BAAC59CC5 /* CameraView.swift in Sources */,
				56786DF1B7246493A22D1024 /* Category.swift in Sources */,
				7062D412A514F0DD53687EE9 /* CategoryBadge.swift in Sources */,
				C2AB66AFE61437A01F481B72 /* ColorExtensions.swift in Sources */,
				E97C21E045A35214941F45CB /* ContentView.swift in Sources */,
				5F1BCAD7AF7FE103E5540417 /* CopyButton.swift in Sources */,
				51C10276D084B58DF272292D /* DatePatterns.swift in Sources */,
				71D691E0A88CF6C8B641828E /* DesignTokens.swift in Sources */,
				77818FF681DD98CED153F9B3 /* EditLogView.swift in Sources */,
				720841E2BDFE52786A5ABB88 /* ExportModels.swift in Sources */,
				C33FFA2310910CC66EC83E34 /* ExportService.swift in Sources */,
				93583142DA0457A833ED366A /* ExportView.swift in Sources */,
				9E61070800FBB2ABBADE3A1C /* FullTextEditorSheet.swift in Sources */,
				EECFB2C4767F5A202B47AB31 /* GoogleMapsLauncher.swift in Sources */,
				27FC7C811856B4E27FC465D0 /* GoogleMapsURLParser.swift in Sources */,
				0A3274B2F943CD8533CB9045 /* Impression.swift in Sources */,
				82A84474A02C4A25BAF9B894 /* LanguageSettingsView.swift in Sources */,
				3864B3AD04AE17B58E91DA89 /* LocationService.swift in Sources */,
				42EECF3CB32FAC9369107FE2 /* LogDetailView.swift in Sources */,
				AC74FD50D75320778601AB0C /* LogListView.swift in Sources */,
				8774F399C6E9CB485A6483E4 /* LogRowView.swift in Sources */,
				AE21E142D90D4F532CFE737B /* MapTabView.swift in Sources */,
				C947CB45F31A0C7268B87D14 /* MoguMapApp.swift in Sources */,
				8D25513220BA3FD5531B63F9 /* NearbyPlaceSearchView.swift in Sources */,
				1E90B27D12EC7151AB9754B9 /* NearbyPlaceSearchViewModel.swift in Sources */,
				A11CF3CE9BB7AF991579C662 /* PhotoAttachment.swift in Sources */,
				F58E8BCE00B56FD276EDD956 /* PhotoGridView.swift in Sources */,
				4A1D797B3B7BB810CE71593A /* PhotoLoader.swift in Sources */,
				C160F7C31FA73BF2A05A53A4 /* PhotoViewerSheet.swift in Sources */,
				96901E0933E1A6EE51428C60 /* PlaceAnnotationView.swift in Sources */,
				3E1011AE392BAB1C0D1ED7E6 /* PlaceInfoParser.swift in Sources */,
				BD6FDB164A12C609043DF8D4 /* PlaceLog.swift in Sources */,
				5679627603BF77540B28B3EE /* RatingView.swift in Sources */,
				CD9FEF16ABC389A84196D055 /* ReceiptBadge.swift in Sources */,
				120EC309BA306CE6E6D8945A /* ReceiptOCRService.swift in Sources */,
				799E96FC0E845C69A7935BBF /* SettingsView.swift in Sources */,
				DABDB878C65D22A44FEE4C69 /* StatusBarView.swift in Sources */,
				5EFE4F2ADFA565979A4F0822 /* String+Localized.swift in Sources */,
				21CFE5444BB264190EEA4976 /* TimelineView.swift in Sources */,
				45CC18B528F13C5431DBF469 /* URLResolver.swift in Sources */,
				7BF080878E3409A712B19025 /* View+DynamicFont.swift in Sources */,
				90C7FAB19A67FD643D6F5CCA /* View+FormSection.swift in Sources */,
				F9E93246CDD337A066E6451D /* View+Keyboard.swift in Sources */,
			);
			runOnlyForDeploymentPostprocessing = 0;
		};
/* End PBXSourcesBuildPhase section */

/* Begin PBXVariantGroup section */
		87D9091D868F3706B415ADF3 /* Localizable.strings */ = {
			isa = PBXVariantGroup;
			children = (
				8C229914A5E0CBE8F9CBE46A /* en */,
				8A9A983E0C094EE5281B006E /* ja */,
			);
			name = Localizable.strings;
			sourceTree = "<group>";
		};
		CB0FC361AA0CAFD0D6AA13FB /* InfoPlist.strings */ = {
			isa = PBXVariantGroup;
			children = (
				5BB6A6D80DB93E3653FD5486 /* en */,
				10C915AF7FBE37F1AE358FB7 /* ja */,
			);
			name = InfoPlist.strings;
			sourceTree = "<group>";
		};
/* End PBXVariantGroup section */

/* Begin XCBuildConfiguration section */
		10901F8921A442BB4492C5BB /* Release */ = {
			isa = XCBuildConfiguration;
			buildSettings = {
				ALWAYS_SEARCH_USER_PATHS = NO;
				CLANG_ANALYZER_NONNULL = YES;
				CLANG_ANALYZER_NUMBER_OBJECT_CONVERSION = YES_AGGRESSIVE;
				CLANG_CXX_LANGUAGE_STANDARD = "gnu++14";
				CLANG_CXX_LIBRARY = "libc++";
				CLANG_ENABLE_MODULES = YES;
				CLANG_ENABLE_OBJC_ARC = YES;
				CLANG_ENABLE_OBJC_WEAK = YES;
				CLANG_WARN_BLOCK_CAPTURE_AUTORELEASING = YES;
				CLANG_WARN_BOOL_CONVERSION = YES;
				CLANG_WARN_COMMA = YES;
				CLANG_WARN_CONSTANT_CONVERSION = YES;
				CLANG_WARN_DEPRECATED_OBJC_IMPLEMENTATIONS = YES;
				CLANG_WARN_DIRECT_OBJC_ISA_USAGE = YES_ERROR;
				CLANG_WARN_DOCUMENTATION_COMMENTS = YES;
				CLANG_WARN_EMPTY_BODY = YES;
				CLANG_WARN_ENUM_CONVERSION = YES;
				CLANG_WARN_INFINITE_RECURSION = YES;
				CLANG_WARN_INT_CONVERSION = YES;
				CLANG_WARN_NON_LITERAL_NULL_CONVERSION = YES;
				CLANG_WARN_OBJC_IMPLICIT_RETAIN_SELF = YES;
				CLANG_WARN_OBJC_LITERAL_CONVERSION = YES;
				CLANG_WARN_OBJC_ROOT_CLASS = YES_ERROR;
				CLANG_WARN_QUOTED_INCLUDE_IN_FRAMEWORK_HEADER = YES;
				CLANG_WARN_RANGE_LOOP_ANALYSIS = YES;
				CLANG_WARN_STRICT_PROTOTYPES = YES;
				CLANG_WARN_SUSPICIOUS_MOVE = YES;
				CLANG_WARN_UNGUARDED_AVAILABILITY = YES_AGGRESSIVE;
				CLANG_WARN_UNREACHABLE_CODE = YES;
				CLANG_WARN__DUPLICATE_METHOD_MATCH = YES;
				CODE_SIGN_STYLE = Automatic;
				COPY_PHASE_STRIP = NO;
				DEBUG_INFORMATION_FORMAT = "dwarf-with-dsym";
				DEVELOPMENT_TEAM = ZD854UM35V;
				ENABLE_NS_ASSERTIONS = NO;
				ENABLE_STRICT_OBJC_MSGSEND = YES;
				GCC_C_LANGUAGE_STANDARD = gnu11;
				GCC_NO_COMMON_BLOCKS = YES;
				GCC_WARN_64_TO_32_BIT_CONVERSION = YES;
				GCC_WARN_ABOUT_RETURN_TYPE = YES_ERROR;
				GCC_WARN_UNDECLARED_SELECTOR = YES;
				GCC_WARN_UNINITIALIZED_AUTOS = YES_AGGRESSIVE;
				GCC_WARN_UNUSED_FUNCTION = YES;
				GCC_WARN_UNUSED_VARIABLE = YES;
				IPHONEOS_DEPLOYMENT_TARGET = 17.0;
				MTL_ENABLE_DEBUG_INFO = NO;
				MTL_FAST_MATH = YES;
				PRODUCT_NAME = "$(TARGET_NAME)";
				SDKROOT = iphoneos;
				SWIFT_COMPILATION_MODE = wholemodule;
				SWIFT_OPTIMIZATION_LEVEL = "-O";
				SWIFT_VERSION = 6.0;
			};
			name = Release;
		};
		23C646E2AADA7D9B2B10D1DD /* Release */ = {
			isa = XCBuildConfiguration;
			buildSettings = {
				ASSETCATALOG_COMPILER_APPICON_NAME = AppIcon;
				ASSETCATALOG_COMPILER_GLOBAL_ACCENT_COLOR_NAME = AccentColor;
				CODE_SIGN_IDENTITY = "iPhone Developer";
				CURRENT_PROJECT_VERSION = 1;
				GENERATE_INFOPLIST_FILE = NO;
				INFOPLIST_FILE = mogumap/Info.plist;
				INFOPLIST_KEY_ITSAppUsesNonExemptEncryption = NO;
				INFOPLIST_KEY_NSCameraUsageDescription = "写真を撮影してログに添付します。";
				INFOPLIST_KEY_NSLocationWhenInUseUsageDescription = "現在地を取得して、チェックイン場所を記録します。";
				INFOPLIST_KEY_NSPhotoLibraryUsageDescription = "写真をログに添付するため、フォトライブラリにアクセスします。";
				LD_RUNPATH_SEARCH_PATHS = (
					"$(inherited)",
					"@executable_path/Frameworks",
				);
				MARKETING_VERSION = 0.1.0;
				PRODUCT_BUNDLE_IDENTIFIER = com.tsukiusagi.mogumap;
				SDKROOT = iphoneos;
				TARGETED_DEVICE_FAMILY = "1,2";
			};
			name = Release;
		};
		7B70126E3DE2A2DFEA264A4A /* Debug */ = {
			isa = XCBuildConfiguration;
			buildSettings = {
				ASSETCATALOG_COMPILER_APPICON_NAME = AppIcon;
				ASSETCATALOG_COMPILER_GLOBAL_ACCENT_COLOR_NAME = AccentColor;
				CODE_SIGN_IDENTITY = "iPhone Developer";
				CURRENT_PROJECT_VERSION = 1;
				GENERATE_INFOPLIST_FILE = NO;
				INFOPLIST_FILE = mogumap/Info.plist;
				INFOPLIST_KEY_ITSAppUsesNonExemptEncryption = NO;
				INFOPLIST_KEY_NSCameraUsageDescription = "写真を撮影してログに添付します。";
				INFOPLIST_KEY_NSLocationWhenInUseUsageDescription = "現在地を取得して、チェックイン場所を記録します。";
				INFOPLIST_KEY_NSPhotoLibraryUsageDescription = "写真をログに添付するため、フォトライブラリにアクセスします。";
				LD_RUNPATH_SEARCH_PATHS = (
					"$(inherited)",
					"@executable_path/Frameworks",
				);
				MARKETING_VERSION = 0.1.0;
				PRODUCT_BUNDLE_IDENTIFIER = com.tsukiusagi.mogumap;
				SDKROOT = iphoneos;
				TARGETED_DEVICE_FAMILY = "1,2";
			};
			name = Debug;
		};
		9B786D6E0A5C1CBA081FD4F5 /* Debug */ = {
			isa = XCBuildConfiguration;
			buildSettings = {
				ALWAYS_SEARCH_USER_PATHS = NO;
				CLANG_ANALYZER_NONNULL = YES;
				CLANG_ANALYZER_NUMBER_OBJECT_CONVERSION = YES_AGGRESSIVE;
				CLANG_CXX_LANGUAGE_STANDARD = "gnu++14";
				CLANG_CXX_LIBRARY = "libc++";
				CLANG_ENABLE_MODULES = YES;
				CLANG_ENABLE_OBJC_ARC = YES;
				CLANG_ENABLE_OBJC_WEAK = YES;
				CLANG_WARN_BLOCK_CAPTURE_AUTORELEASING = YES;
				CLANG_WARN_BOOL_CONVERSION = YES;
				CLANG_WARN_COMMA = YES;
				CLANG_WARN_CONSTANT_CONVERSION = YES;
				CLANG_WARN_DEPRECATED_OBJC_IMPLEMENTATIONS = YES;
				CLANG_WARN_DIRECT_OBJC_ISA_USAGE = YES_ERROR;
				CLANG_WARN_DOCUMENTATION_COMMENTS = YES;
				CLANG_WARN_EMPTY_BODY = YES;
				CLANG_WARN_ENUM_CONVERSION = YES;
				CLANG_WARN_INFINITE_RECURSION = YES;
				CLANG_WARN_INT_CONVERSION = YES;
				CLANG_WARN_NON_LITERAL_NULL_CONVERSION = YES;
				CLANG_WARN_OBJC_IMPLICIT_RETAIN_SELF = YES;
				CLANG_WARN_OBJC_LITERAL_CONVERSION = YES;
				CLANG_WARN_OBJC_ROOT_CLASS = YES_ERROR;
				CLANG_WARN_QUOTED_INCLUDE_IN_FRAMEWORK_HEADER = YES;
				CLANG_WARN_RANGE_LOOP_ANALYSIS = YES;
				CLANG_WARN_STRICT_PROTOTYPES = YES;
				CLANG_WARN_SUSPICIOUS_MOVE = YES;
				CLANG_WARN_UNGUARDED_AVAILABILITY = YES_AGGRESSIVE;
				CLANG_WARN_UNREACHABLE_CODE = YES;
				CLANG_WARN__DUPLICATE_METHOD_MATCH = YES;
				CODE_SIGN_STYLE = Automatic;
				COPY_PHASE_STRIP = NO;
				DEBUG_INFORMATION_FORMAT = dwarf;
				DEVELOPMENT_TEAM = ZD854UM35V;
				ENABLE_STRICT_OBJC_MSGSEND = YES;
				ENABLE_TESTABILITY = YES;
				GCC_C_LANGUAGE_STANDARD = gnu11;
				GCC_DYNAMIC_NO_PIC = NO;
				GCC_NO_COMMON_BLOCKS = YES;
				GCC_OPTIMIZATION_LEVEL = 0;
				GCC_PREPROCESSOR_DEFINITIONS = (
					"$(inherited)",
					"DEBUG=1",
				);
				GCC_WARN_64_TO_32_BIT_CONVERSION = YES;
				GCC_WARN_ABOUT_RETURN_TYPE = YES_ERROR;
				GCC_WARN_UNDECLARED_SELECTOR = YES;
				GCC_WARN_UNINITIALIZED_AUTOS = YES_AGGRESSIVE;
				GCC_WARN_UNUSED_FUNCTION = YES;
				GCC_WARN_UNUSED_VARIABLE = YES;
				IPHONEOS_DEPLOYMENT_TARGET = 17.0;
				MTL_ENABLE_DEBUG_INFO = INCLUDE_SOURCE;
				MTL_FAST_MATH = YES;
				ONLY_ACTIVE_ARCH = YES;
				PRODUCT_NAME = "$(TARGET_NAME)";
				SDKROOT = iphoneos;
				SWIFT_ACTIVE_COMPILATION_CONDITIONS = DEBUG;
				SWIFT_OPTIMIZATION_LEVEL = "-Onone";
				SWIFT_VERSION = 6.0;
			};
			name = Debug;
		};
/* End XCBuildConfiguration section */

/* Begin XCConfigurationList section */
		369BBB33BA119DF8AE9D3114 /* Build configuration list for PBXProject "mogumap" */ = {
			isa = XCConfigurationList;
			buildConfigurations = (
				9B786D6E0A5C1CBA081FD4F5 /* Debug */,
				10901F8921A442BB4492C5BB /* Release */,
			);
			defaultConfigurationIsVisible = 0;
			defaultConfigurationName = Debug;
		};
		66D959B672136096280D5F08 /* Build configuration list for PBXNativeTarget "mogumap" */ = {
			isa = XCConfigurationList;
			buildConfigurations = (
				7B70126E3DE2A2DFEA264A4A /* Debug */,
				23C646E2AADA7D9B2B10D1DD /* Release */,
			);
			defaultConfigurationIsVisible = 0;
			defaultConfigurationName = Debug;
		};
/* End XCConfigurationList section */

/* Begin XCRemoteSwiftPackageReference section */
		EE7AE3551DDA4408A29567FA /* XCRemoteSwiftPackageReference "ZIPFoundation" */ = {
			isa = XCRemoteSwiftPackageReference;
			repositoryURL = "https://github.com/weichsel/ZIPFoundation";
			requirement = {
				kind = exactVersion;
				version = 0.9.20;
			};
		};
/* End XCRemoteSwiftPackageReference section */

/* Begin XCSwiftPackageProductDependency section */
		277B0AAE2515E808C514A9A9 /* ZIPFoundation */ = {
			isa = XCSwiftPackageProductDependency;
			package = EE7AE3551DDA4408A29567FA /* XCRemoteSwiftPackageReference "ZIPFoundation" */;
			productName = ZIPFoundation;
		};
/* End XCSwiftPackageProductDependency section */
	};
	rootObject = 794772248BF06C6C4A060AF9 /* Project object */;
}
