// !$*UTF8*$!
{
	archiveVersion = 1;
	classes = {
	};
	objectVersion = 77;
	objects = {

/* Begin PBXBuildFile section */
		01A5B62A53DF7C9D28E25839 /* Impression.swift in Sources */ = {isa = PBXBuildFile; fileRef = 4FE7CFCDD7DE0CA066D39EC4 /* Impression.swift */; };
		05EA2B444A80D576B48E91D2 /* MapTabView.swift in Sources */ = {isa = PBXBuildFile; fileRef = 4592078E5D2424F06F5763C9 /* MapTabView.swift */; };
		0D49B6E873DDFA896C126353 /* LogListView.swift in Sources */ = {isa = PBXBuildFile; fileRef = 1B3E9744C003D1C54C215723 /* LogListView.swift */; };
		0D51D7330F121E1A48D861FE /* AddLogView.swift in Sources */ = {isa = PBXBuildFile; fileRef = 5E94F438FB5912F60EA0097B /* AddLogView.swift */; };
		22607E94E8FE5FB6BFE983A5 /* DesignTokens.swift in Sources */ = {isa = PBXBuildFile; fileRef = 243E007F58CD523B9CBE75C3 /* DesignTokens.swift */; };
		284EB0BE8AA4C993A8AF45E3 /* LogRowView.swift in Sources */ = {isa = PBXBuildFile; fileRef = 6C59C1B401DDFC6F4669D1EB /* LogRowView.swift */; };
		2F17F7FDED6A0C71C55D6B0D /* TimelineView.swift in Sources */ = {isa = PBXBuildFile; fileRef = 511D4F9B3CE8F607C780A446 /* TimelineView.swift */; };
		3B69D38337A9BA8C2685005B /* GoogleMapsLauncher.swift in Sources */ = {isa = PBXBuildFile; fileRef = BFFBA76D6984CEA89C82D1D0 /* GoogleMapsLauncher.swift */; };
		3DC7BD4B56576712515C34C0 /* CLPlacemark+Address.swift in Sources */ = {isa = PBXBuildFile; fileRef = F03F2F6074A758A205B5EA40 /* CLPlacemark+Address.swift */; };
		4350FD37792E6961C2CEB873 /* FullTextEditorSheet.swift in Sources */ = {isa = PBXBuildFile; fileRef = 7B5C1459FD39885031033F45 /* FullTextEditorSheet.swift */; };
		44A5DF9385AD094C9245D7A7 /* NearbyPlaceSearchViewModel.swift in Sources */ = {isa = PBXBuildFile; fileRef = E5AB33F714976D8CEBB86F3A /* NearbyPlaceSearchViewModel.swift */; };
		44E0910FFBEC6E694ECC42E3 /* CopyButton.swift in Sources */ = {isa = PBXBuildFile; fileRef = 325E50A7753D7D2510517808 /* CopyButton.swift */; };
		47F772A60E06BF7259DA52D4 /* LocationService.swift in Sources */ = {isa = PBXBuildFile; fileRef = 9E9FC5A8D5DB9E8A2C471F33 /* LocationService.swift */; };
		55F4BE58D5DE9894E82B6C4C /* GoogleMapsURLParser.swift in Sources */ = {isa = PBXBuildFile; fileRef = 8B99EE245068A8087244FD83 /* GoogleMapsURLParser.swift */; };
		66B3905CE8A9EC9B2DCAAD19 /* PlaceAnnotationView.swift in Sources */ = {isa = PBXBuildFile; fileRef = 891737CC1DA3B1F35FB5550E /* PlaceAnnotationView.swift */; };
		68D29DB6FD7DA60FE27353B3 /* PhotoLoader.swift in Sources */ = {isa = PBXBuildFile; fileRef = 8D00C43375916424BEE44E93 /* PhotoLoader.swift */; };
		6B9E91F9C2E297FFD4208A16 /* PlaceLog.swift in Sources */ = {isa = PBXBuildFile; fileRef = 17910D6277BCFDD430C34F14 /* PlaceLog.swift */; };
		81AEB2DE06D8F7E91EFCCB4F /* EditLogView.swift in Sources */ = {isa = PBXBuildFile; fileRef = C836909687DA226DE9D812F3 /* EditLogView.swift */; };
		886888259F045CE3E3888195 /* PhotoAttachment.swift in Sources */ = {isa = PBXBuildFile; fileRef = A5DFD529EA78CF81A9F86E66 /* PhotoAttachment.swift */; };
		90984DCE1825005B05B708D4 /* Category.swift in Sources */ = {isa = PBXBuildFile; fileRef = 6BBA83E2A36E69F22637CA1B /* Category.swift */; };
		A492D49CA18C92A977F9B7F8 /* RatingView.swift in Sources */ = {isa = PBXBuildFile; fileRef = FB216100D380FF9BDDBEC264 /* RatingView.swift */; };
		A722602F387918FD9EB9E33B /* Assets.xcassets in Resources */ = {isa = PBXBuildFile; fileRef = A83F76567B9455752EF817FB /* Assets.xcassets */; };
		C0BB92E978AAFA79D7C579D3 /* ContentView.swift in Sources */ = {isa = PBXBuildFile; fileRef = 2FF186FED864129FD26DB8CB /* ContentView.swift */; };
		C41856E6AA3F85191D7F43AB /* NearbyPlaceSearchView.swift in Sources */ = {isa = PBXBuildFile; fileRef = 9A5E9878C474FB17B001D6D6 /* NearbyPlaceSearchView.swift */; };
		C519D1488E8374F8F82D715E /* ColorExtensions.swift in Sources */ = {isa = PBXBuildFile; fileRef = A396A579A9FFB3671B246E39 /* ColorExtensions.swift */; };
		C92F2033FC2FDE45C65E41AF /* PhotoGridView.swift in Sources */ = {isa = PBXBuildFile; fileRef = 5CBA2DA480B3F20FA4FF4848 /* PhotoGridView.swift */; };
		D375166A8A596C29C54A312A /* AppState.swift in Sources */ = {isa = PBXBuildFile; fileRef = 130DEA43CAAA30926B05037C /* AppState.swift */; };
		D66CF967E07469696A42957F /* URLResolver.swift in Sources */ = {isa = PBXBuildFile; fileRef = 0B20319C2182364B6188F84D /* URLResolver.swift */; };
		E5395EC5C013E7BD3FDAE5C4 /* CategoryBadge.swift in Sources */ = {isa = PBXBuildFile; fileRef = D288AFB4094A864E795FEA4C /* CategoryBadge.swift */; };
		E8A4F6E2BFECBF1A6D1AE654 /* View+Keyboard.swift in Sources */ = {isa = PBXBuildFile; fileRef = 9E45B1DF3089862E804BB11A /* View+Keyboard.swift */; };
		EAF42AB6CCF0CB068C212F5D /* LogDetailView.swift in Sources */ = {isa = PBXBuildFile; fileRef = 0CD43588879C44383786C9C8 /* LogDetailView.swift */; };
		EC0EEA7F5F44B7DB7FDCB2EE /* YorimichiApp.swift in Sources */ = {isa = PBXBuildFile; fileRef = 3712AB0C8C6FD99636668798 /* YorimichiApp.swift */; };
		FF21121558379B8EFEF3DC4F /* CameraView.swift in Sources */ = {isa = PBXBuildFile; fileRef = B124572651EE4A4ED274DD73 /* CameraView.swift */; };
		5A1B2C3D4E5F607D /* View+FormSection.swift in Sources */ = {isa = PBXBuildFile; fileRef = 5A1B2C3D4E5F607E /* View+FormSection.swift */; };
		6C2A3B4D5E6F7081 /* ReceiptBadge.swift in Sources */ = {isa = PBXBuildFile; fileRef = 6C2A3B4D5E6F7082 /* ReceiptBadge.swift */; };
		7D3E4F5A6B7C8091 /* ReceiptOCRService.swift in Sources */ = {isa = PBXBuildFile; fileRef = 7D3E4F5A6B7C8092 /* ReceiptOCRService.swift */; };
		8E4F5A6B7C9D0011 /* PlaceInfoParser.swift in Sources */ = {isa = PBXBuildFile; fileRef = 8E4F5A6B7C9D0012 /* PlaceInfoParser.swift */; };
/* End PBXBuildFile section */

/* Begin PBXFileReference section */
		0B20319C2182364B6188F84D /* URLResolver.swift */ = {isa = PBXFileReference; lastKnownFileType = sourcecode.swift; path = URLResolver.swift; sourceTree = "<group>"; };
		0CD43588879C44383786C9C8 /* LogDetailView.swift */ = {isa = PBXFileReference; lastKnownFileType = sourcecode.swift; path = LogDetailView.swift; sourceTree = "<group>"; };
		130DEA43CAAA30926B05037C /* AppState.swift */ = {isa = PBXFileReference; lastKnownFileType = sourcecode.swift; path = AppState.swift; sourceTree = "<group>"; };
		17910D6277BCFDD430C34F14 /* PlaceLog.swift */ = {isa = PBXFileReference; lastKnownFileType = sourcecode.swift; path = PlaceLog.swift; sourceTree = "<group>"; };
		1B3E9744C003D1C54C215723 /* LogListView.swift */ = {isa = PBXFileReference; lastKnownFileType = sourcecode.swift; path = LogListView.swift; sourceTree = "<group>"; };
		243E007F58CD523B9CBE75C3 /* DesignTokens.swift */ = {isa = PBXFileReference; lastKnownFileType = sourcecode.swift; path = DesignTokens.swift; sourceTree = "<group>"; };
		2FF186FED864129FD26DB8CB /* ContentView.swift */ = {isa = PBXFileReference; lastKnownFileType = sourcecode.swift; path = ContentView.swift; sourceTree = "<group>"; };
		325E50A7753D7D2510517808 /* CopyButton.swift */ = {isa = PBXFileReference; lastKnownFileType = sourcecode.swift; path = CopyButton.swift; sourceTree = "<group>"; };
		3712AB0C8C6FD99636668798 /* YorimichiApp.swift */ = {isa = PBXFileReference; lastKnownFileType = sourcecode.swift; path = YorimichiApp.swift; sourceTree = "<group>"; };
		4592078E5D2424F06F5763C9 /* MapTabView.swift */ = {isa = PBXFileReference; lastKnownFileType = sourcecode.swift; path = MapTabView.swift; sourceTree = "<group>"; };
		4FE7CFCDD7DE0CA066D39EC4 /* Impression.swift */ = {isa = PBXFileReference; lastKnownFileType = sourcecode.swift; path = Impression.swift; sourceTree = "<group>"; };
		511D4F9B3CE8F607C780A446 /* TimelineView.swift */ = {isa = PBXFileReference; lastKnownFileType = sourcecode.swift; path = TimelineView.swift; sourceTree = "<group>"; };
		5CBA2DA480B3F20FA4FF4848 /* PhotoGridView.swift */ = {isa = PBXFileReference; lastKnownFileType = sourcecode.swift; path = PhotoGridView.swift; sourceTree = "<group>"; };
		5E94F438FB5912F60EA0097B /* AddLogView.swift */ = {isa = PBXFileReference; lastKnownFileType = sourcecode.swift; path = AddLogView.swift; sourceTree = "<group>"; };
		6BBA83E2A36E69F22637CA1B /* Category.swift */ = {isa = PBXFileReference; lastKnownFileType = sourcecode.swift; path = Category.swift; sourceTree = "<group>"; };
		6C59C1B401DDFC6F4669D1EB /* LogRowView.swift */ = {isa = PBXFileReference; lastKnownFileType = sourcecode.swift; path = LogRowView.swift; sourceTree = "<group>"; };
		7B5C1459FD39885031033F45 /* FullTextEditorSheet.swift */ = {isa = PBXFileReference; lastKnownFileType = sourcecode.swift; path = FullTextEditorSheet.swift; sourceTree = "<group>"; };
		891737CC1DA3B1F35FB5550E /* PlaceAnnotationView.swift */ = {isa = PBXFileReference; lastKnownFileType = sourcecode.swift; path = PlaceAnnotationView.swift; sourceTree = "<group>"; };
		8B99EE245068A8087244FD83 /* GoogleMapsURLParser.swift */ = {isa = PBXFileReference; lastKnownFileType = sourcecode.swift; path = GoogleMapsURLParser.swift; sourceTree = "<group>"; };
		8D00C43375916424BEE44E93 /* PhotoLoader.swift */ = {isa = PBXFileReference; lastKnownFileType = sourcecode.swift; path = PhotoLoader.swift; sourceTree = "<group>"; };
		902549F7FAA3CBBDB71C06A4 /* Info.plist */ = {isa = PBXFileReference; lastKnownFileType = text.plist; path = Info.plist; sourceTree = "<group>"; };
		9A5E9878C474FB17B001D6D6 /* NearbyPlaceSearchView.swift */ = {isa = PBXFileReference; lastKnownFileType = sourcecode.swift; path = NearbyPlaceSearchView.swift; sourceTree = "<group>"; };
		9E45B1DF3089862E804BB11A /* View+Keyboard.swift */ = {isa = PBXFileReference; lastKnownFileType = sourcecode.swift; path = "View+Keyboard.swift"; sourceTree = "<group>"; };
		9E9FC5A8D5DB9E8A2C471F33 /* LocationService.swift */ = {isa = PBXFileReference; lastKnownFileType = sourcecode.swift; path = LocationService.swift; sourceTree = "<group>"; };
		A396A579A9FFB3671B246E39 /* ColorExtensions.swift */ = {isa = PBXFileReference; lastKnownFileType = sourcecode.swift; path = ColorExtensions.swift; sourceTree = "<group>"; };
		A5DFD529EA78CF81A9F86E66 /* PhotoAttachment.swift */ = {isa = PBXFileReference; lastKnownFileType = sourcecode.swift; path = PhotoAttachment.swift; sourceTree = "<group>"; };
		A83F76567B9455752EF817FB /* Assets.xcassets */ = {isa = PBXFileReference; lastKnownFileType = folder.assetcatalog; path = Assets.xcassets; sourceTree = "<group>"; };
		B124572651EE4A4ED274DD73 /* CameraView.swift */ = {isa = PBXFileReference; lastKnownFileType = sourcecode.swift; path = CameraView.swift; sourceTree = "<group>"; };
		B3B611DA7E14859307509082 /* yorimichi.app */ = {isa = PBXFileReference; includeInIndex = 0; lastKnownFileType = wrapper.application; path = yorimichi.app; sourceTree = BUILT_PRODUCTS_DIR; };
		BFFBA76D6984CEA89C82D1D0 /* GoogleMapsLauncher.swift */ = {isa = PBXFileReference; lastKnownFileType = sourcecode.swift; path = GoogleMapsLauncher.swift; sourceTree = "<group>"; };
		C836909687DA226DE9D812F3 /* EditLogView.swift */ = {isa = PBXFileReference; lastKnownFileType = sourcecode.swift; path = EditLogView.swift; sourceTree = "<group>"; };
		D288AFB4094A864E795FEA4C /* CategoryBadge.swift */ = {isa = PBXFileReference; lastKnownFileType = sourcecode.swift; path = CategoryBadge.swift; sourceTree = "<group>"; };
		E5AB33F714976D8CEBB86F3A /* NearbyPlaceSearchViewModel.swift */ = {isa = PBXFileReference; lastKnownFileType = sourcecode.swift; path = NearbyPlaceSearchViewModel.swift; sourceTree = "<group>"; };
		F03F2F6074A758A205B5EA40 /* CLPlacemark+Address.swift */ = {isa = PBXFileReference; lastKnownFileType = sourcecode.swift; path = "CLPlacemark+Address.swift"; sourceTree = "<group>"; };
		FB216100D380FF9BDDBEC264 /* RatingView.swift */ = {isa = PBXFileReference; lastKnownFileType = sourcecode.swift; path = RatingView.swift; sourceTree = "<group>"; };
		5A1B2C3D4E5F607E /* View+FormSection.swift */ = {isa = PBXFileReference; lastKnownFileType = sourcecode.swift; path = "View+FormSection.swift"; sourceTree = "<group>"; };
		6C2A3B4D5E6F7082 /* ReceiptBadge.swift */ = {isa = PBXFileReference; lastKnownFileType = sourcecode.swift; path = ReceiptBadge.swift; sourceTree = "<group>"; };
		7D3E4F5A6B7C8092 /* ReceiptOCRService.swift */ = {isa = PBXFileReference; lastKnownFileType = sourcecode.swift; path = ReceiptOCRService.swift; sourceTree = "<group>"; };
		8E4F5A6B7C9D0012 /* PlaceInfoParser.swift */ = {isa = PBXFileReference; lastKnownFileType = sourcecode.swift; path = PlaceInfoParser.swift; sourceTree = "<group>"; };
/* End PBXFileReference section */

/* Begin PBXGroup section */
		2463C1F07EFF11E721F16F45 /* Search */ = {
			isa = PBXGroup;
			children = (
				511D4F9B3CE8F607C780A446 /* TimelineView.swift */,
			);
			path = Search;
			sourceTree = "<group>";
		};
		316E98F09E0EBBCA5F8C5E3F /* Features */ = {
			isa = PBXGroup;
			children = (
				67CCEF4428A2FBE471D54062 /* AddLog */,
				9616A9579EC3CBE195705E82 /* LogDetail */,
				353BEFE8D44C397C61A7094E /* LogList */,
				BC6FE0C24891D35AE234F8C8 /* MapTab */,
				2463C1F07EFF11E721F16F45 /* Search */,
			);
			path = Features;
			sourceTree = "<group>";
		};
		353BEFE8D44C397C61A7094E /* LogList */ = {
			isa = PBXGroup;
			children = (
				1B3E9744C003D1C54C215723 /* LogListView.swift */,
				6C59C1B401DDFC6F4669D1EB /* LogRowView.swift */,
			);
			path = LogList;
			sourceTree = "<group>";
		};
		3E6B6BC1FDA67CE2F3014AD5 /* DesignSystem */ = {
			isa = PBXGroup;
			children = (
				B543FAD4D5B09534965AD4B0 /* Components */,
				D28E035DC853DDFD0AC6B96E /* Extensions */,
				5600F1128543B87CB600545A /* Theme */,
			);
			path = DesignSystem;
			sourceTree = "<group>";
		};
		5600F1128543B87CB600545A /* Theme */ = {
			isa = PBXGroup;
			children = (
				A396A579A9FFB3671B246E39 /* ColorExtensions.swift */,
				243E007F58CD523B9CBE75C3 /* DesignTokens.swift */,
			);
			path = Theme;
			sourceTree = "<group>";
		};
		5E85C90E0AB664C58A1C61A8 /* yorimichi */ = {
			isa = PBXGroup;
			children = (
				A83F76567B9455752EF817FB /* Assets.xcassets */,
				902549F7FAA3CBBDB71C06A4 /* Info.plist */,
				8E12BFC62CF40D0AB7FE9AEB /* App */,
				E9C06A950AC3AF4469122323 /* Core */,
				3E6B6BC1FDA67CE2F3014AD5 /* DesignSystem */,
				316E98F09E0EBBCA5F8C5E3F /* Features */,
			);
			path = yorimichi;
			sourceTree = "<group>";
		};
		67CCEF4428A2FBE471D54062 /* AddLog */ = {
			isa = PBXGroup;
			children = (
				5E94F438FB5912F60EA0097B /* AddLogView.swift */,
				9A5E9878C474FB17B001D6D6 /* NearbyPlaceSearchView.swift */,
				E5AB33F714976D8CEBB86F3A /* NearbyPlaceSearchViewModel.swift */,
			);
			path = AddLog;
			sourceTree = "<group>";
		};
		8E12BFC62CF40D0AB7FE9AEB /* App */ = {
			isa = PBXGroup;
			children = (
				130DEA43CAAA30926B05037C /* AppState.swift */,
				2FF186FED864129FD26DB8CB /* ContentView.swift */,
				3712AB0C8C6FD99636668798 /* YorimichiApp.swift */,
			);
			path = App;
			sourceTree = "<group>";
		};
		9616A9579EC3CBE195705E82 /* LogDetail */ = {
			isa = PBXGroup;
			children = (
				C836909687DA226DE9D812F3 /* EditLogView.swift */,
				0CD43588879C44383786C9C8 /* LogDetailView.swift */,
			);
			path = LogDetail;
			sourceTree = "<group>";
		};
		9BC1BEF62FA381C309302372 /* Utilities */ = {
			isa = PBXGroup;
			children = (
				BFFBA76D6984CEA89C82D1D0 /* GoogleMapsLauncher.swift */,
				8B99EE245068A8087244FD83 /* GoogleMapsURLParser.swift */,
				8D00C43375916424BEE44E93 /* PhotoLoader.swift */,
				7D3E4F5A6B7C8092 /* ReceiptOCRService.swift */,
				8E4F5A6B7C9D0012 /* PlaceInfoParser.swift */,
				0B20319C2182364B6188F84D /* URLResolver.swift */,
			);
			path = Utilities;
			sourceTree = "<group>";
		};
		A49FC6060B99394C0D020C22 /* Location */ = {
			isa = PBXGroup;
			children = (
				9E9FC5A8D5DB9E8A2C471F33 /* LocationService.swift */,
			);
			path = Location;
			sourceTree = "<group>";
		};
		B227E56640330B5C9B6DD387 /* Models */ = {
			isa = PBXGroup;
			children = (
				6BBA83E2A36E69F22637CA1B /* Category.swift */,
				4FE7CFCDD7DE0CA066D39EC4 /* Impression.swift */,
				A5DFD529EA78CF81A9F86E66 /* PhotoAttachment.swift */,
				17910D6277BCFDD430C34F14 /* PlaceLog.swift */,
			);
			path = Models;
			sourceTree = "<group>";
		};
		B543FAD4D5B09534965AD4B0 /* Components */ = {
			isa = PBXGroup;
			children = (
				B124572651EE4A4ED274DD73 /* CameraView.swift */,
				D288AFB4094A864E795FEA4C /* CategoryBadge.swift */,
				325E50A7753D7D2510517808 /* CopyButton.swift */,
				7B5C1459FD39885031033F45 /* FullTextEditorSheet.swift */,
				5CBA2DA480B3F20FA4FF4848 /* PhotoGridView.swift */,
				6C2A3B4D5E6F7082 /* ReceiptBadge.swift */,
				FB216100D380FF9BDDBEC264 /* RatingView.swift */,
			);
			path = Components;
			sourceTree = "<group>";
		};
		BC6FE0C24891D35AE234F8C8 /* MapTab */ = {
			isa = PBXGroup;
			children = (
				4592078E5D2424F06F5763C9 /* MapTabView.swift */,
				891737CC1DA3B1F35FB5550E /* PlaceAnnotationView.swift */,
			);
			path = MapTab;
			sourceTree = "<group>";
		};
		BC92C1D8329A078CE9DDE43D /* Products */ = {
			isa = PBXGroup;
			children = (
				B3B611DA7E14859307509082 /* yorimichi.app */,
			);
			name = Products;
			sourceTree = "<group>";
		};
		C7F0BB531EC513A867FB8F5F = {
			isa = PBXGroup;
			children = (
				5E85C90E0AB664C58A1C61A8 /* yorimichi */,
				BC92C1D8329A078CE9DDE43D /* Products */,
			);
			sourceTree = "<group>";
		};
		D28E035DC853DDFD0AC6B96E /* Extensions */ = {
			isa = PBXGroup;
			children = (
				F03F2F6074A758A205B5EA40 /* CLPlacemark+Address.swift */,
				5A1B2C3D4E5F607E /* View+FormSection.swift */,
				9E45B1DF3089862E804BB11A /* View+Keyboard.swift */,
			);
			path = Extensions;
			sourceTree = "<group>";
		};
		E9C06A950AC3AF4469122323 /* Core */ = {
			isa = PBXGroup;
			children = (
				A49FC6060B99394C0D020C22 /* Location */,
				B227E56640330B5C9B6DD387 /* Models */,
				9BC1BEF62FA381C309302372 /* Utilities */,
			);
			path = Core;
			sourceTree = "<group>";
		};
/* End PBXGroup section */

/* Begin PBXNativeTarget section */
		CB35A0C5DB148394028BF27D /* yorimichi */ = {
			isa = PBXNativeTarget;
			buildConfigurationList = CBD247D443B2ED56CED259E3 /* Build configuration list for PBXNativeTarget "yorimichi" */;
			buildPhases = (
				06C0FCC3AECE55BF5CEAD8A0 /* Sources */,
				CBF2700C3FFD7808CF557201 /* Resources */,
			);
			buildRules = (
			);
			dependencies = (
			);
			name = yorimichi;
			packageProductDependencies = (
			);
			productName = yorimichi;
			productReference = B3B611DA7E14859307509082 /* yorimichi.app */;
			productType = "com.apple.product-type.application";
		};
/* End PBXNativeTarget section */

/* Begin PBXProject section */
		E6180D54C6A6BEB0523CAF83 /* Project object */ = {
			isa = PBXProject;
			attributes = {
				BuildIndependentTargetsInParallel = YES;
				LastUpgradeCheck = 1600;
				TargetAttributes = {
					CB35A0C5DB148394028BF27D = {
						DevelopmentTeam = ZD854UM35V;
						ProvisioningStyle = Automatic;
					};
				};
			};
			buildConfigurationList = C4BA10D6E829EB1401920AD6 /* Build configuration list for PBXProject "yorimichi" */;
			developmentRegion = en;
			hasScannedForEncodings = 0;
			knownRegions = (
				Base,
				en,
			);
			mainGroup = C7F0BB531EC513A867FB8F5F;
			minimizedProjectReferenceProxies = 1;
			preferredProjectObjectVersion = 77;
			productRefGroup = BC92C1D8329A078CE9DDE43D /* Products */;
			projectDirPath = "";
			projectRoot = "";
			targets = (
				CB35A0C5DB148394028BF27D /* yorimichi */,
			);
		};
/* End PBXProject section */

/* Begin PBXResourcesBuildPhase section */
		CBF2700C3FFD7808CF557201 /* Resources */ = {
			isa = PBXResourcesBuildPhase;
			buildActionMask = 2147483647;
			files = (
				A722602F387918FD9EB9E33B /* Assets.xcassets in Resources */,
			);
			runOnlyForDeploymentPostprocessing = 0;
		};
/* End PBXResourcesBuildPhase section */

/* Begin PBXSourcesBuildPhase section */
		06C0FCC3AECE55BF5CEAD8A0 /* Sources */ = {
			isa = PBXSourcesBuildPhase;
			buildActionMask = 2147483647;
			files = (
				0D51D7330F121E1A48D861FE /* AddLogView.swift in Sources */,
				D375166A8A596C29C54A312A /* AppState.swift in Sources */,
				3DC7BD4B56576712515C34C0 /* CLPlacemark+Address.swift in Sources */,
				FF21121558379B8EFEF3DC4F /* CameraView.swift in Sources */,
				90984DCE1825005B05B708D4 /* Category.swift in Sources */,
				E5395EC5C013E7BD3FDAE5C4 /* CategoryBadge.swift in Sources */,
				C519D1488E8374F8F82D715E /* ColorExtensions.swift in Sources */,
				C0BB92E978AAFA79D7C579D3 /* ContentView.swift in Sources */,
				44E0910FFBEC6E694ECC42E3 /* CopyButton.swift in Sources */,
				22607E94E8FE5FB6BFE983A5 /* DesignTokens.swift in Sources */,
				81AEB2DE06D8F7E91EFCCB4F /* EditLogView.swift in Sources */,
				4350FD37792E6961C2CEB873 /* FullTextEditorSheet.swift in Sources */,
				3B69D38337A9BA8C2685005B /* GoogleMapsLauncher.swift in Sources */,
				55F4BE58D5DE9894E82B6C4C /* GoogleMapsURLParser.swift in Sources */,
				01A5B62A53DF7C9D28E25839 /* Impression.swift in Sources */,
				47F772A60E06BF7259DA52D4 /* LocationService.swift in Sources */,
				EAF42AB6CCF0CB068C212F5D /* LogDetailView.swift in Sources */,
				0D49B6E873DDFA896C126353 /* LogListView.swift in Sources */,
				284EB0BE8AA4C993A8AF45E3 /* LogRowView.swift in Sources */,
				05EA2B444A80D576B48E91D2 /* MapTabView.swift in Sources */,
				C41856E6AA3F85191D7F43AB /* NearbyPlaceSearchView.swift in Sources */,
				44A5DF9385AD094C9245D7A7 /* NearbyPlaceSearchViewModel.swift in Sources */,
				886888259F045CE3E3888195 /* PhotoAttachment.swift in Sources */,
				C92F2033FC2FDE45C65E41AF /* PhotoGridView.swift in Sources */,
				68D29DB6FD7DA60FE27353B3 /* PhotoLoader.swift in Sources */,
				66B3905CE8A9EC9B2DCAAD19 /* PlaceAnnotationView.swift in Sources */,
				6B9E91F9C2E297FFD4208A16 /* PlaceLog.swift in Sources */,
				A492D49CA18C92A977F9B7F8 /* RatingView.swift in Sources */,
				2F17F7FDED6A0C71C55D6B0D /* TimelineView.swift in Sources */,
				D66CF967E07469696A42957F /* URLResolver.swift in Sources */,
				E8A4F6E2BFECBF1A6D1AE654 /* View+Keyboard.swift in Sources */,
				5A1B2C3D4E5F607D /* View+FormSection.swift in Sources */,
				6C2A3B4D5E6F7081 /* ReceiptBadge.swift in Sources */,
				7D3E4F5A6B7C8091 /* ReceiptOCRService.swift in Sources */,
				8E4F5A6B7C9D0011 /* PlaceInfoParser.swift in Sources */,
				EC0EEA7F5F44B7DB7FDCB2EE /* YorimichiApp.swift in Sources */,
			);
			runOnlyForDeploymentPostprocessing = 0;
		};
/* End PBXSourcesBuildPhase section */

/* Begin XCBuildConfiguration section */
		37E40E1AA12C8E95D773DF60 /* Debug */ = {
			isa = XCBuildConfiguration;
			buildSettings = {
				ASSETCATALOG_COMPILER_APPICON_NAME = AppIcon;
				ASSETCATALOG_COMPILER_GLOBAL_ACCENT_COLOR_NAME = AccentColor;
				CODE_SIGN_IDENTITY = "iPhone Developer";
				CURRENT_PROJECT_VERSION = 1;
				INFOPLIST_FILE = yorimichi/Info.plist;
				INFOPLIST_KEY_ITSAppUsesNonExemptEncryption = NO;
				INFOPLIST_KEY_NSCameraUsageDescription = "写真を撮影してログに添付します。";
				INFOPLIST_KEY_NSLocationWhenInUseUsageDescription = "現在地を取得して、チェックイン場所を記録します。";
				INFOPLIST_KEY_NSPhotoLibraryUsageDescription = "写真をログに添付するため、フォトライブラリにアクセスします。";
				LD_RUNPATH_SEARCH_PATHS = (
					"$(inherited)",
					"@executable_path/Frameworks",
				);
				MARKETING_VERSION = 0.1.0;
				PRODUCT_BUNDLE_IDENTIFIER = com.yorimichi.app;
				SDKROOT = iphoneos;
				TARGETED_DEVICE_FAMILY = "1,2";
			};
			name = Debug;
		};
		730590B1AFF5BFB3CE7B7602 /* Debug */ = {
			isa = XCBuildConfiguration;
			buildSettings = {
				ALWAYS_SEARCH_USER_PATHS = NO;
				CLANG_ANALYZER_NONNULL = YES;
				CLANG_ANALYZER_NUMBER_OBJECT_CONVERSION = YES_AGGRESSIVE;
				CLANG_CXX_LANGUAGE_STANDARD = "gnu++14";
				CLANG_CXX_LIBRARY = "libc++";
				CLANG_ENABLE_MODULES = YES;
				CLANG_ENABLE_OBJC_ARC = YES;
				CLANG_ENABLE_OBJC_WEAK = YES;
				CLANG_WARN_BLOCK_CAPTURE_AUTORELEASING = YES;
				CLANG_WARN_BOOL_CONVERSION = YES;
				CLANG_WARN_COMMA = YES;
				CLANG_WARN_CONSTANT_CONVERSION = YES;
				CLANG_WARN_DEPRECATED_OBJC_IMPLEMENTATIONS = YES;
				CLANG_WARN_DIRECT_OBJC_ISA_USAGE = YES_ERROR;
				CLANG_WARN_DOCUMENTATION_COMMENTS = YES;
				CLANG_WARN_EMPTY_BODY = YES;
				CLANG_WARN_ENUM_CONVERSION = YES;
				CLANG_WARN_INFINITE_RECURSION = YES;
				CLANG_WARN_INT_CONVERSION = YES;
				CLANG_WARN_NON_LITERAL_NULL_CONVERSION = YES;
				CLANG_WARN_OBJC_IMPLICIT_RETAIN_SELF = YES;
				CLANG_WARN_OBJC_LITERAL_CONVERSION = YES;
				CLANG_WARN_OBJC_ROOT_CLASS = YES_ERROR;
				CLANG_WARN_QUOTED_INCLUDE_IN_FRAMEWORK_HEADER = YES;
				CLANG_WARN_RANGE_LOOP_ANALYSIS = YES;
				CLANG_WARN_STRICT_PROTOTYPES = YES;
				CLANG_WARN_SUSPICIOUS_MOVE = YES;
				CLANG_WARN_UNGUARDED_AVAILABILITY = YES_AGGRESSIVE;
				CLANG_WARN_UNREACHABLE_CODE = YES;
				CLANG_WARN__DUPLICATE_METHOD_MATCH = YES;
				CODE_SIGN_STYLE = Automatic;
				COPY_PHASE_STRIP = NO;
				DEBUG_INFORMATION_FORMAT = dwarf;
				DEVELOPMENT_TEAM = ZD854UM35V;
				ENABLE_STRICT_OBJC_MSGSEND = YES;
				ENABLE_TESTABILITY = YES;
				GCC_C_LANGUAGE_STANDARD = gnu11;
				GCC_DYNAMIC_NO_PIC = NO;
				GCC_NO_COMMON_BLOCKS = YES;
				GCC_OPTIMIZATION_LEVEL = 0;
				GCC_PREPROCESSOR_DEFINITIONS = (
					"$(inherited)",
					"DEBUG=1",
				);
				GCC_WARN_64_TO_32_BIT_CONVERSION = YES;
				GCC_WARN_ABOUT_RETURN_TYPE = YES_ERROR;
				GCC_WARN_UNDECLARED_SELECTOR = YES;
				GCC_WARN_UNINITIALIZED_AUTOS = YES_AGGRESSIVE;
				GCC_WARN_UNUSED_FUNCTION = YES;
				GCC_WARN_UNUSED_VARIABLE = YES;
				GENERATE_INFOPLIST_FILE = YES;
				IPHONEOS_DEPLOYMENT_TARGET = 17.0;
				MTL_ENABLE_DEBUG_INFO = INCLUDE_SOURCE;
				MTL_FAST_MATH = YES;
				ONLY_ACTIVE_ARCH = YES;
				PRODUCT_NAME = "$(TARGET_NAME)";
				SDKROOT = iphoneos;
				SWIFT_ACTIVE_COMPILATION_CONDITIONS = DEBUG;
				SWIFT_OPTIMIZATION_LEVEL = "-Onone";
				SWIFT_VERSION = 6.0;
			};
			name = Debug;
		};
		A04B799BAA414613D45F2595 /* Release */ = {
			isa = XCBuildConfiguration;
			buildSettings = {
				ASSETCATALOG_COMPILER_APPICON_NAME = AppIcon;
				ASSETCATALOG_COMPILER_GLOBAL_ACCENT_COLOR_NAME = AccentColor;
				CODE_SIGN_IDENTITY = "iPhone Developer";
				CURRENT_PROJECT_VERSION = 1;
				INFOPLIST_FILE = yorimichi/Info.plist;
				INFOPLIST_KEY_ITSAppUsesNonExemptEncryption = NO;
				INFOPLIST_KEY_NSCameraUsageDescription = "写真を撮影してログに添付します。";
				INFOPLIST_KEY_NSLocationWhenInUseUsageDescription = "現在地を取得して、チェックイン場所を記録します。";
				INFOPLIST_KEY_NSPhotoLibraryUsageDescription = "写真をログに添付するため、フォトライブラリにアクセスします。";
				LD_RUNPATH_SEARCH_PATHS = (
					"$(inherited)",
					"@executable_path/Frameworks",
				);
				MARKETING_VERSION = 0.1.0;
				PRODUCT_BUNDLE_IDENTIFIER = com.yorimichi.app;
				SDKROOT = iphoneos;
				TARGETED_DEVICE_FAMILY = "1,2";
			};
			name = Release;
		};
		D56369CE2AA5A74C64B54515 /* Release */ = {
			isa = XCBuildConfiguration;
			buildSettings = {
				ALWAYS_SEARCH_USER_PATHS = NO;
				CLANG_ANALYZER_NONNULL = YES;
				CLANG_ANALYZER_NUMBER_OBJECT_CONVERSION = YES_AGGRESSIVE;
				CLANG_CXX_LANGUAGE_STANDARD = "gnu++14";
				CLANG_CXX_LIBRARY = "libc++";
				CLANG_ENABLE_MODULES = YES;
				CLANG_ENABLE_OBJC_ARC = YES;
				CLANG_ENABLE_OBJC_WEAK = YES;
				CLANG_WARN_BLOCK_CAPTURE_AUTORELEASING = YES;
				CLANG_WARN_BOOL_CONVERSION = YES;
				CLANG_WARN_COMMA = YES;
				CLANG_WARN_CONSTANT_CONVERSION = YES;
				CLANG_WARN_DEPRECATED_OBJC_IMPLEMENTATIONS = YES;
				CLANG_WARN_DIRECT_OBJC_ISA_USAGE = YES_ERROR;
				CLANG_WARN_DOCUMENTATION_COMMENTS = YES;
				CLANG_WARN_EMPTY_BODY = YES;
				CLANG_WARN_ENUM_CONVERSION = YES;
				CLANG_WARN_INFINITE_RECURSION = YES;
				CLANG_WARN_INT_CONVERSION = YES;
				CLANG_WARN_NON_LITERAL_NULL_CONVERSION = YES;
				CLANG_WARN_OBJC_IMPLICIT_RETAIN_SELF = YES;
				CLANG_WARN_OBJC_LITERAL_CONVERSION = YES;
				CLANG_WARN_OBJC_ROOT_CLASS = YES_ERROR;
				CLANG_WARN_QUOTED_INCLUDE_IN_FRAMEWORK_HEADER = YES;
				CLANG_WARN_RANGE_LOOP_ANALYSIS = YES;
				CLANG_WARN_STRICT_PROTOTYPES = YES;
				CLANG_WARN_SUSPICIOUS_MOVE = YES;
				CLANG_WARN_UNGUARDED_AVAILABILITY = YES_AGGRESSIVE;
				CLANG_WARN_UNREACHABLE_CODE = YES;
				CLANG_WARN__DUPLICATE_METHOD_MATCH = YES;
				CODE_SIGN_STYLE = Automatic;
				COPY_PHASE_STRIP = NO;
				DEBUG_INFORMATION_FORMAT = "dwarf-with-dsym";
				DEVELOPMENT_TEAM = ZD854UM35V;
				ENABLE_NS_ASSERTIONS = NO;
				ENABLE_STRICT_OBJC_MSGSEND = YES;
				GCC_C_LANGUAGE_STANDARD = gnu11;
				GCC_NO_COMMON_BLOCKS = YES;
				GCC_WARN_64_TO_32_BIT_CONVERSION = YES;
				GCC_WARN_ABOUT_RETURN_TYPE = YES_ERROR;
				GCC_WARN_UNDECLARED_SELECTOR = YES;
				GCC_WARN_UNINITIALIZED_AUTOS = YES_AGGRESSIVE;
				GCC_WARN_UNUSED_FUNCTION = YES;
				GCC_WARN_UNUSED_VARIABLE = YES;
				GENERATE_INFOPLIST_FILE = YES;
				IPHONEOS_DEPLOYMENT_TARGET = 17.0;
				MTL_ENABLE_DEBUG_INFO = NO;
				MTL_FAST_MATH = YES;
				PRODUCT_NAME = "$(TARGET_NAME)";
				SDKROOT = iphoneos;
				SWIFT_COMPILATION_MODE = wholemodule;
				SWIFT_OPTIMIZATION_LEVEL = "-O";
				SWIFT_VERSION = 6.0;
			};
			name = Release;
		};
/* End XCBuildConfiguration section */

/* Begin XCConfigurationList section */
		C4BA10D6E829EB1401920AD6 /* Build configuration list for PBXProject "yorimichi" */ = {
			isa = XCConfigurationList;
			buildConfigurations = (
				730590B1AFF5BFB3CE7B7602 /* Debug */,
				D56369CE2AA5A74C64B54515 /* Release */,
			);
			defaultConfigurationIsVisible = 0;
			defaultConfigurationName = Debug;
		};
		CBD247D443B2ED56CED259E3 /* Build configuration list for PBXNativeTarget "yorimichi" */ = {
			isa = XCConfigurationList;
			buildConfigurations = (
				37E40E1AA12C8E95D773DF60 /* Debug */,
				A04B799BAA414613D45F2595 /* Release */,
			);
			defaultConfigurationIsVisible = 0;
			defaultConfigurationName = Debug;
		};
/* End XCConfigurationList section */
	};
	rootObject = E6180D54C6A6BEB0523CAF83 /* Project object */;
}
